PODS:
  - CocoaAsyncSocket (7.4.3):
    - CocoaAsyncSocket/All (= 7.4.3)
  - CocoaAsyncSocket/All (7.4.3):
    - CocoaAsyncSocket/GCD
    - CocoaAsyncSocket/RunLoop
  - CocoaAsyncSocket/GCD (7.4.3)
  - CocoaAsyncSocket/RunLoop (7.4.3)
  - CocoaLumberjack (1.9.2):
    - CocoaLumberjack/Extensions (= 1.9.2)
  - CocoaLumberjack/Core (1.9.2)
  - CocoaLumberjack/Extensions (1.9.2):
    - CocoaLumberjack/Core
  - FBSnapshotTestCase (2.0.7):
    - FBSnapshotTestCase/SwiftSupport (= 2.0.7)
  - FBSnapshotTestCase/Core (2.0.7)
  - FBSnapshotTestCase/SwiftSupport (2.0.7):
    - FBSnapshotTestCase/Core
  - JSQMessagesViewController (7.2.0):
    - JSQSystemSoundPlayer (~> 2.0.1)
  - JSQSystemSoundPlayer (2.0.1)
  - KissXML (5.0.3):
    - KissXML/Standard (= 5.0.3)
  - KissXML/Core (5.0.3)
  - KissXML/Standard (5.0.3):
    - KissXML/Core
  - libidn (1.32.1)
  - PNXMPPFramework (0.1.1):
    - PNXMPPFramework/Authentication (= 0.1.1)
    - PNXMPPFramework/BandwidthMonitor (= 0.1.1)
    - PNXMPPFramework/Categories (= 0.1.1)
    - PNXMPPFramework/Core (= 0.1.1)
    - PNXMPPFramework/CoreDataStorage (= 0.1.1)
    - PNXMPPFramework/GoogleSharedStatus (= 0.1.1)
    - PNXMPPFramework/ProcessOne (= 0.1.1)
    - PNXMPPFramework/Reconnect (= 0.1.1)
    - PNXMPPFramework/Roster (= 0.1.1)
    - PNXMPPFramework/SystemInputActivityMonitor (= 0.1.1)
    - PNXMPPFramework/Utilities (= 0.1.1)
    - PNXMPPFramework/XEP-0009 (= 0.1.1)
    - PNXMPPFramework/XEP-0012 (= 0.1.1)
    - PNXMPPFramework/XEP-0016 (= 0.1.1)
    - PNXMPPFramework/XEP-0045 (= 0.1.1)
    - PNXMPPFramework/XEP-0054 (= 0.1.1)
    - PNXMPPFramework/XEP-0059 (= 0.1.1)
    - PNXMPPFramework/XEP-0060 (= 0.1.1)
    - PNXMPPFramework/XEP-0065 (= 0.1.1)
    - PNXMPPFramework/XEP-0066 (= 0.1.1)
    - PNXMPPFramework/XEP-0082 (= 0.1.1)
    - PNXMPPFramework/XEP-0085 (= 0.1.1)
    - PNXMPPFramework/XEP-0092 (= 0.1.1)
    - PNXMPPFramework/XEP-0100 (= 0.1.1)
    - PNXMPPFramework/XEP-0106 (= 0.1.1)
    - PNXMPPFramework/XEP-0115 (= 0.1.1)
    - PNXMPPFramework/XEP-0136 (= 0.1.1)
    - PNXMPPFramework/XEP-0153 (= 0.1.1)
    - PNXMPPFramework/XEP-0172 (= 0.1.1)
    - PNXMPPFramework/XEP-0184 (= 0.1.1)
    - PNXMPPFramework/XEP-0191 (= 0.1.1)
    - PNXMPPFramework/XEP-0198 (= 0.1.1)
    - PNXMPPFramework/XEP-0199 (= 0.1.1)
    - PNXMPPFramework/XEP-0202 (= 0.1.1)
    - PNXMPPFramework/XEP-0203 (= 0.1.1)
    - PNXMPPFramework/XEP-0223 (= 0.1.1)
    - PNXMPPFramework/XEP-0224 (= 0.1.1)
    - PNXMPPFramework/XEP-0280 (= 0.1.1)
    - PNXMPPFramework/XEP-0297 (= 0.1.1)
    - PNXMPPFramework/XEP-0308 (= 0.1.1)
    - PNXMPPFramework/XEP-0333 (= 0.1.1)
    - PNXMPPFramework/XEP-0335 (= 0.1.1)
  - PNXMPPFramework/Authentication (0.1.1):
    - PNXMPPFramework/Core
  - PNXMPPFramework/BandwidthMonitor (0.1.1):
    - PNXMPPFramework/Core
  - PNXMPPFramework/Categories (0.1.1):
    - PNXMPPFramework/Core
  - PNXMPPFramework/Core (0.1.1):
    - CocoaAsyncSocket
    - CocoaLumberjack (~> 1.9)
    - KissXML
    - libidn
  - PNXMPPFramework/CoreDataStorage (0.1.1):
    - PNXMPPFramework/Core
  - PNXMPPFramework/GoogleSharedStatus (0.1.1):
    - PNXMPPFramework/Core
  - PNXMPPFramework/ProcessOne (0.1.1):
    - PNXMPPFramework/Core
  - PNXMPPFramework/Reconnect (0.1.1):
    - PNXMPPFramework/Core
  - PNXMPPFramework/Roster (0.1.1):
    - PNXMPPFramework/Core
    - PNXMPPFramework/CoreDataStorage
  - PNXMPPFramework/SystemInputActivityMonitor (0.1.1):
    - PNXMPPFramework/Core
  - PNXMPPFramework/Utilities (0.1.1):
    - PNXMPPFramework/Core
  - PNXMPPFramework/XEP-0009 (0.1.1):
    - PNXMPPFramework/Core
  - PNXMPPFramework/XEP-0012 (0.1.1):
    - PNXMPPFramework/Core
  - PNXMPPFramework/XEP-0016 (0.1.1):
    - PNXMPPFramework/Core
  - PNXMPPFramework/XEP-0045 (0.1.1):
    - PNXMPPFramework/Core
    - PNXMPPFramework/CoreDataStorage
    - PNXMPPFramework/XEP-0203
  - PNXMPPFramework/XEP-0054 (0.1.1):
    - PNXMPPFramework/Core
    - PNXMPPFramework/Roster
  - PNXMPPFramework/XEP-0059 (0.1.1):
    - PNXMPPFramework/Core
  - PNXMPPFramework/XEP-0060 (0.1.1):
    - PNXMPPFramework/Core
  - PNXMPPFramework/XEP-0065 (0.1.1):
    - PNXMPPFramework/Core
  - PNXMPPFramework/XEP-0066 (0.1.1):
    - PNXMPPFramework/Core
  - PNXMPPFramework/XEP-0082 (0.1.1):
    - PNXMPPFramework/Core
  - PNXMPPFramework/XEP-0085 (0.1.1):
    - PNXMPPFramework/Core
  - PNXMPPFramework/XEP-0092 (0.1.1):
    - PNXMPPFramework/Core
  - PNXMPPFramework/XEP-0100 (0.1.1):
    - PNXMPPFramework/Core
  - PNXMPPFramework/XEP-0106 (0.1.1):
    - PNXMPPFramework/Core
  - PNXMPPFramework/XEP-0115 (0.1.1):
    - PNXMPPFramework/Core
    - PNXMPPFramework/CoreDataStorage
  - PNXMPPFramework/XEP-0136 (0.1.1):
    - PNXMPPFramework/CoreDataStorage
    - PNXMPPFramework/XEP-0085
    - PNXMPPFramework/XEP-0203
  - PNXMPPFramework/XEP-0153 (0.1.1):
    - PNXMPPFramework/Core
    - PNXMPPFramework/XEP-0054
  - PNXMPPFramework/XEP-0172 (0.1.1):
    - PNXMPPFramework/Core
  - PNXMPPFramework/XEP-0184 (0.1.1):
    - PNXMPPFramework/Core
  - PNXMPPFramework/XEP-0191 (0.1.1):
    - PNXMPPFramework/Core
  - PNXMPPFramework/XEP-0198 (0.1.1):
    - PNXMPPFramework/Core
  - PNXMPPFramework/XEP-0199 (0.1.1):
    - PNXMPPFramework/Core
  - PNXMPPFramework/XEP-0202 (0.1.1):
    - PNXMPPFramework/Core
    - PNXMPPFramework/XEP-0082
  - PNXMPPFramework/XEP-0203 (0.1.1):
    - PNXMPPFramework/Core
    - PNXMPPFramework/XEP-0082
  - PNXMPPFramework/XEP-0223 (0.1.1):
    - PNXMPPFramework/Core
  - PNXMPPFramework/XEP-0224 (0.1.1):
    - PNXMPPFramework/Core
  - PNXMPPFramework/XEP-0280 (0.1.1):
    - PNXMPPFramework/Core
  - PNXMPPFramework/XEP-0297 (0.1.1):
    - PNXMPPFramework/Core
    - PNXMPPFramework/XEP-0203
  - PNXMPPFramework/XEP-0308 (0.1.1):
    - PNXMPPFramework/Core
  - PNXMPPFramework/XEP-0333 (0.1.1):
    - PNXMPPFramework/Core
  - PNXMPPFramework/XEP-0335 (0.1.1):
    - PNXMPPFramework/Core
  - SDWebImage (3.7.5):
    - SDWebImage/Core (= 3.7.5)
  - SDWebImage/Core (3.7.5)
  - XBChatModule (0.1.2.2):
    - JSQMessagesViewController
    - PNXMPPFramework
    - SDWebImage

DEPENDENCIES:
  - FBSnapshotTestCase
  - XBChatModule (from `../`)

EXTERNAL SOURCES:
  XBChatModule:
    :path: "../"

SPEC CHECKSUMS:
  CocoaAsyncSocket: a18c75dca4b08723628a0bacca6e94803d90be91
  CocoaLumberjack: 628fca2e88ef06f7cf6817309aa405f325d9a6fa
  FBSnapshotTestCase: 7e85180d0d141a0cf472352edda7e80d7eaeb547
  JSQMessagesViewController: 73cab48aa92fc2d512f3b6724f3425cc47a19eb5
  JSQSystemSoundPlayer: c5850e77a4363ffd374cd851154b9af93264ed8d
  KissXML: d19dd6dc65e0dc721ba92b3077b8ebdd240f1c1e
  libidn: fdf56b4958f08f8544c4cf45b3ed28bfe45c2b05
  PNXMPPFramework: ded2fd8deb8133a1d438d960252d458324365317
  SDWebImage: 69c6303e3348fba97e03f65d65d4fbc26740f461
  XBChatModule: 2c81ccb3c7d50386a0b53879f8845237a3318031

PODFILE CHECKSUM: 05305d08dca13c4634a6fef5b45ae4a766340eaf

COCOAPODS: 1.0.0.beta.4
